github.com/decred/dcrd/crypto/blake256 v1.0.0/go.mod h1:sQl2p6Y26YV+ZOcSTP6thNdn47hh8kt6rqSlvmrXFAc=
github.com/decred/dcrd/dcrec/secp256k1/v4 v4.0.1 h1:YLtO71vCjJRCBcrPMtQ9nqBsqpA1m5sE92cU+pd5Mcc=
github.com/decred/dcrd/dcrec/secp256k1/v4 v4.0.1/go.mod h1:hyedUtir6IdtD/7lIxGeCxkaw7y45JueMRL4DIyJDKs=
github.com/klauspost/cpuid/v2 v2.0.9 h1:lgaqFMSdTdQYdZ04uHyN2d/eKdOMyi2YLSvlQIBFYa4=
github.com/klauspost/cpuid/v2 v2.0.9/go.mod h1:FInQzS24/EEf25PyTYn52gqo7WaD8xa0213Md/qVLRg=
github.com/ltcsuite/ltcd v0.23.6 h1:/9Vwf5geNzmafstaOyPokGGn3OdfVyXWelLPZcn8aXE=
github.com/ltcsuite/ltcd v0.23.6/go.mod h1:WOJAEfAPrlW/c/XFNeaEyFpbnglVGFrmRcRaNvuYo2k=
github.com/ltcsuite/ltcd/btcec/v2 v2.3.2 h1:HVArUNQGqGaSSoyYkk9qGht74U0/uNhS0n7jV9rkmno=
github.com/ltcsuite/ltcd/btcec/v2 v2.3.2/go.mod h1:T1t5TjbjPnryvlGQ+RpSKGuU8KhjNN7rS5+IznPj1VM=
github.com/ltcsuite/ltcd/chaincfg/chainhash v1.0.2 h1:xuWxvRKxLvOKuS7/Q/7I3tpc3cWAB0+hZpU8YdVqkzg=
github.com/ltcsuite/ltcd/chaincfg/chainhash v1.0.2/go.mod h1:nkLkAFGhursWf2U68gt61hPieK1I+0m78e+2aevNyD8=
github.com/ltcsuite/ltcd/ltcutil v1.1.4-0.20250505084124-c37ac1524e04 h1:J6OqqtA22vfOm2Jhpu5RRFC+2N5TaiJt1pvZ8ptguhM=
github.com/ltcsuite/ltcd/ltcutil v1.1.4-0.20250505084124-c37ac1524e04/go.mod h1:voqakNV5xCvu8AvnD4Z+gFnSk5CvUzJmF6a7uMEPVuc=
github.com/ltcsuite/ltcd/ltcutil v1.1.4 h1:EctDzQ05lYnxiinm2B0aTZJ6j4iUlZ2fJl47dxZzxDs=
github.com/ltcsuite/ltcd/ltcutil v1.1.4/go.mod h1:KXoblljYWsltanUCzZ1bz1IdP972+s7/Rw/jPzvA7GQ=
github.com/ltcsuite/secp256k1 v0.1.1 h1:e4EgFwXMZZr5h5wYu+/F+OCbPqUuYAk0Zp5CtYoqu44=
github.com/ltcsuite/secp256k1 v0.1.1/go.mod h1:I9x9HjYCJyV/dszguk07q00F6ymrCeK2FX7u3sO5B0I=
golang.org/x/crypto v0.7.0 h1:AvwMYaRytfdeVt3u6mLaxYtErKYjxA2OXjJ1HHq6t3A=
golang.org/x/crypto v0.7.0/go.mod h1:pYwdfH91IfpZVANVyUOhSIPZaFoJGxTFbZhFTx+dXZU=
golang.org/x/sys v0.13.0 h1:Af8nKPmuFypiUBjVoU9V20FiaFXOcuZI21p0ycVYYGE=
golang.org/x/sys v0.13.0/go.mod h1:oPkhp1MJrh7nUepCBck5+mAzfO9JrbApNNgaTdGDITg=
lukechampine.com/blake3 v1.2.1 h1:YuqqRuaqsGV71BV/nm9xlI0MKUv4QC54jQnBChWbGnI=
lukechampine.com/blake3 v1.2.1/go.mod h1:0OFRp7fBtAylGVCO40o87sbupkyIGgbpv1+M1k1LM6k=
